
Microsoft Visual Studio Solution File, Format Version 12.00
# Visual Studio 15
VisualStudioVersion = 15.0.27130.2010
MinimumVisualStudioVersion = 10.0.40219.1
Project("{E24C65DC-7377-472B-9ABA-BC803B73C61A}") = "jsSyncDB", "jsSyncDB\", "{73A6F84D-CA50-4790-BE33-710BB4AF7105}"
	ProjectSection(WebsiteProperties) = preProject
		TargetFrameworkMoniker = ".NETFramework,Version%3Dv4.5"
		Debug.AspNetCompiler.VirtualPath = "/localhost_59852"
		Debug.AspNetCompiler.PhysicalPath = "jsSyncDB\"
		Debug.AspNetCompiler.TargetPath = "PrecompiledWeb\localhost_59852\"
		Debug.AspNetCompiler.Updateable = "true"
		Debug.AspNetCompiler.ForceOverwrite = "true"
		Debug.AspNetCompiler.FixedNames = "false"
		Debug.AspNetCompiler.Debug = "True"
		Release.AspNetCompiler.VirtualPath = "/localhost_59852"
		Release.AspNetCompiler.PhysicalPath = "jsSyncDB\"
		Release.AspNetCompiler.TargetPath = "PrecompiledWeb\localhost_59852\"
		Release.AspNetCompiler.Updateable = "true"
		Release.AspNetCompiler.ForceOverwrite = "true"
		Release.AspNetCompiler.FixedNames = "false"
		Release.AspNetCompiler.Debug = "False"
		VWDPort = "59852"
		SlnRelativePath = "jsSyncDB\"
	EndProjectSection
EndProject
Project("{9A19103F-16F7-4668-BE54-9A1E7A4F7556}") = "web-netcore-unit", "web-netcore-unit\web-netcore-unit.csproj", "{1B4DDE05-5074-4C79-B9D0-66DE2425EF9C}"
EndProject
Project("{9A19103F-16F7-4668-BE54-9A1E7A4F7556}") = "web-netcore", "web-netcore\web-netcore.csproj", "{3C9426A9-A919-4036-A68B-2735FFE90CC4}"
EndProject
Global
	GlobalSection(SolutionConfigurationPlatforms) = preSolution
		Debug|Any CPU = Debug|Any CPU
		Release|Any CPU = Release|Any CPU
	EndGlobalSection
	GlobalSection(ProjectConfigurationPlatforms) = postSolution
		{73A6F84D-CA50-4790-BE33-710BB4AF7105}.Debug|Any CPU.ActiveCfg = Debug|Any CPU
		{73A6F84D-CA50-4790-BE33-710BB4AF7105}.Debug|Any CPU.Build.0 = Debug|Any CPU
		{73A6F84D-CA50-4790-BE33-710BB4AF7105}.Release|Any CPU.ActiveCfg = Debug|Any CPU
		{73A6F84D-CA50-4790-BE33-710BB4AF7105}.Release|Any CPU.Build.0 = Debug|Any CPU
		{1B4DDE05-5074-4C79-B9D0-66DE2425EF9C}.Debug|Any CPU.ActiveCfg = Debug|Any CPU
		{1B4DDE05-5074-4C79-B9D0-66DE2425EF9C}.Debug|Any CPU.Build.0 = Debug|Any CPU
		{1B4DDE05-5074-4C79-B9D0-66DE2425EF9C}.Release|Any CPU.ActiveCfg = Release|Any CPU
		{1B4DDE05-5074-4C79-B9D0-66DE2425EF9C}.Release|Any CPU.Build.0 = Release|Any CPU
		{3C9426A9-A919-4036-A68B-2735FFE90CC4}.Debug|Any CPU.ActiveCfg = Debug|Any CPU
		{3C9426A9-A919-4036-A68B-2735FFE90CC4}.Debug|Any CPU.Build.0 = Debug|Any CPU
		{3C9426A9-A919-4036-A68B-2735FFE90CC4}.Release|Any CPU.ActiveCfg = Release|Any CPU
		{3C9426A9-A919-4036-A68B-2735FFE90CC4}.Release|Any CPU.Build.0 = Release|Any CPU
	EndGlobalSection
	GlobalSection(SolutionProperties) = preSolution
		HideSolutionNode = FALSE
	EndGlobalSection
	GlobalSection(ExtensibilityGlobals) = postSolution
		SolutionGuid = {86DC4FFC-5D4C-4CC7-864F-24AB9A6435E6}
	EndGlobalSection
EndGlobal
